
Microsoft Visual Studio Solution File, Format Version 12.00
# Visual Studio Version 16
VisualStudioVersion = 16.0.31205.134
MinimumVisualStudioVersion = 10.0.40219.1
Project("{FAE04EC0-301F-11D3-BF4B-00C04F79EFBC}") = "BattleShipTask", "BattleShipTask\BattleShipTask.csproj", "{208403B2-55F9-4D4A-A0C7-0998B5172F07}"
EndProject
Global
	GlobalSection(SolutionConfigurationPlatforms) = preSolution
		Debug|Any CPU = Debug|Any CPU
		Release|Any CPU = Release|Any CPU
	EndGlobalSection
	GlobalSection(ProjectConfigurationPlatforms) = postSolution
		{208403B2-55F9-4D4A-A0C7-0998B5172F07}.Debug|Any CPU.ActiveCfg = Debug|Any CPU
		{208403B2-55F9-4D4A-A0C7-0998B5172F07}.Debug|Any CPU.Build.0 = Debug|Any CPU
		{208403B2-55F9-4D4A-A0C7-0998B5172F07}.Release|Any CPU.ActiveCfg = Release|Any CPU
		{208403B2-55F9-4D4A-A0C7-0998B5172F07}.Release|Any CPU.Build.0 = Release|Any CPU
	EndGlobalSection
	GlobalSection(SolutionProperties) = preSolution
		HideSolutionNode = FALSE
	EndGlobalSection
	GlobalSection(ExtensibilityGlobals) = postSolution
		SolutionGuid = {0662156D-60E5-4BE3-8F01-69BD9C317D0F}
	EndGlobalSection
EndGlobal
